
Microsoft Visual Studio Solution File, Format Version 12.00
# Visual Studio Version 16
VisualStudioVersion = 16.0.31424.327
MinimumVisualStudioVersion = 10.0.40219.1
Project("{9A19103F-16F7-4668-BE54-9A1E7A4F7556}") = "Курсовая ТРПО", "Курсовая ТРПО\Курсовая ТРПО.csproj", "{37578C71-1D1E-49F6-984D-D1F5E51D46EE}"
EndProject
Project("{FAE04EC0-301F-11D3-BF4B-00C04F79EFBC}") = "TestProject2", "TestProject2\TestProject2.csproj", "{D0E22870-F68E-441D-8350-4C2EF2AA7708}"
EndProject
Global
	GlobalSection(SolutionConfigurationPlatforms) = preSolution
		Debug|Any CPU = Debug|Any CPU
		Release|Any CPU = Release|Any CPU
	EndGlobalSection
	GlobalSection(ProjectConfigurationPlatforms) = postSolution
		{37578C71-1D1E-49F6-984D-D1F5E51D46EE}.Debug|Any CPU.ActiveCfg = Debug|Any CPU
		{37578C71-1D1E-49F6-984D-D1F5E51D46EE}.Debug|Any CPU.Build.0 = Debug|Any CPU
		{37578C71-1D1E-49F6-984D-D1F5E51D46EE}.Release|Any CPU.ActiveCfg = Release|Any CPU
		{37578C71-1D1E-49F6-984D-D1F5E51D46EE}.Release|Any CPU.Build.0 = Release|Any CPU
		{D0E22870-F68E-441D-8350-4C2EF2AA7708}.Debug|Any CPU.ActiveCfg = Debug|Any CPU
		{D0E22870-F68E-441D-8350-4C2EF2AA7708}.Debug|Any CPU.Build.0 = Debug|Any CPU
		{D0E22870-F68E-441D-8350-4C2EF2AA7708}.Release|Any CPU.ActiveCfg = Release|Any CPU
		{D0E22870-F68E-441D-8350-4C2EF2AA7708}.Release|Any CPU.Build.0 = Release|Any CPU
	EndGlobalSection
	GlobalSection(SolutionProperties) = preSolution
		HideSolutionNode = FALSE
	EndGlobalSection
	GlobalSection(ExtensibilityGlobals) = postSolution
		SolutionGuid = {759695C3-EF77-4EE7-AC72-079CAFE833AB}
	EndGlobalSection
EndGlobal
